
Microsoft Visual Studio Solution File, Format Version 12.00
# Visual Studio 15
VisualStudioVersion = 15.0.28010.2046
MinimumVisualStudioVersion = 10.0.40219.1
Project("{FAE04EC0-301F-11D3-BF4B-00C04F79EFBC}") = "AquafarmApi", "AquafarmApi\AquafarmApi.csproj", "{479F7535-FC2C-432D-A4D2-E8A5D7EF5013}"
EndProject
Global
	GlobalSection(SolutionConfigurationPlatforms) = preSolution
		Debug|Any CPU = Debug|Any CPU
		Release|Any CPU = Release|Any CPU
	EndGlobalSection
	GlobalSection(ProjectConfigurationPlatforms) = postSolution
		{479F7535-FC2C-432D-A4D2-E8A5D7EF5013}.Debug|Any CPU.ActiveCfg = Debug|Any CPU
		{479F7535-FC2C-432D-A4D2-E8A5D7EF5013}.Debug|Any CPU.Build.0 = Debug|Any CPU
		{479F7535-FC2C-432D-A4D2-E8A5D7EF5013}.Release|Any CPU.ActiveCfg = Release|Any CPU
		{479F7535-FC2C-432D-A4D2-E8A5D7EF5013}.Release|Any CPU.Build.0 = Release|Any CPU
	EndGlobalSection
	GlobalSection(SolutionProperties) = preSolution
		HideSolutionNode = FALSE
	EndGlobalSection
	GlobalSection(ExtensibilityGlobals) = postSolution
		SolutionGuid = {3CB6B9C1-8141-4BBC-8B98-313CD661A261}
	EndGlobalSection
EndGlobal
